<?xml version="1.0" encoding="utf-8"?>
<Project ToolsVersion="4.0" xmlns="http://schemas.microsoft.com/developer/msbuild/2003">
  <ItemGroup>
    <Filter Include="Source Files">
      <UniqueIdentifier>{4FC737F1-C7A5-4376-A066-2A32D752A2FF}</UniqueIdentifier>
      <Extensions>cpp;c;cc;cxx;def;odl;idl;hpj;bat;asm;asmx</Extensions>
    </Filter>
    <Filter Include="Header Files">
      <UniqueIdentifier>{93995380-89BD-4b04-88EB-625FBE52EBFB}</UniqueIdentifier>
      <Extensions>h;hh;hpp;hxx;hm;inl;inc;ipp;xsd</Extensions>
    </Filter>
    <Filter Include="Resource Files">
      <UniqueIdentifier>{67DA6AB6-F800-4c08-8B7A-83BB121AAD01}</UniqueIdentifier>
      <Extensions>rc;ico;cur;bmp;dlg;rc2;rct;bin;rgs;gif;jpg;jpeg;jpe;resx;tiff;tif;png;wav;mfcribbon-ms</Extensions>
    </Filter>
  </ItemGroup>
  <ItemGroup>
    <Text Include="shaders\shader_vertex.glsl" />
  </ItemGroup>
  <ItemGroup>
    <None Include="shaders\shader_fragment.glsl" />
    <None Include="shaders\shader_fragment.spv" />
    <None Include="shaders\shader_vertex.spv" />
    <None Include="shaders\shader.vert" />
    <None Include="shaders\shader.frag" />
    <None Include="shaders\frag.spv" />
    <None Include="shaders\vert.spv" />
  </ItemGroup>
  <ItemGroup>
    <ClCompile Include="HelloTriangleApplication.cpp">
      <Filter>Source Files</Filter>
    </ClCompile>
    <ClCompile Include="main.cpp">
      <Filter>Source Files</Filter>
    </ClCompile>
    <ClCompile Include="main_test.cpp">
      <Filter>Source Files</Filter>
    </ClCompile>
    <ClCompile Include="engine\Debug.cpp">
      <Filter>Source Files</Filter>
    </ClCompile>
    <ClCompile Include="engine\Loader.cpp">
      <Filter>Source Files</Filter>
    </ClCompile>
    <ClCompile Include="engine\Timer.cpp">
      <Filter>Source Files</Filter>
    </ClCompile>
    <ClCompile Include="engine\InputSystem.cpp">
      <Filter>Source Files</Filter>
    </ClCompile>
    <ClCompile Include="engine\vulkan\Image.cpp">
      <Filter>Source Files</Filter>
    </ClCompile>
    <ClCompile Include="engine\vulkan\Buffer.cpp">
      <Filter>Source Files</Filter>
    </ClCompile>
    <ClCompile Include="engine\vulkan\CommandBuffer.cpp">
      <Filter>Source Files</Filter>
    </ClCompile>
    <ClCompile Include="engine\vulkan\CommandPool.cpp">
      <Filter>Source Files</Filter>
    </ClCompile>
    <ClCompile Include="engine\vulkan\DescriptorSetLayout.cpp">
      <Filter>Source Files</Filter>
    </ClCompile>
    <ClCompile Include="engine\vulkan\ImageView.cpp">
      <Filter>Source Files</Filter>
    </ClCompile>
    <ClCompile Include="engine\vulkan\IndexBuffer.cpp">
      <Filter>Source Files</Filter>
    </ClCompile>
    <ClCompile Include="engine\vulkan\PhysicalDevice.cpp">
      <Filter>Source Files</Filter>
    </ClCompile>
    <ClCompile Include="engine\vulkan\Sampler.cpp">
      <Filter>Source Files</Filter>
    </ClCompile>
    <ClCompile Include="engine\vulkan\ShaderModule.cpp">
      <Filter>Source Files</Filter>
    </ClCompile>
    <ClCompile Include="engine\vulkan\Surface.cpp">
      <Filter>Source Files</Filter>
    </ClCompile>
    <ClCompile Include="engine\vulkan\Device.cpp">
      <Filter>Source Files</Filter>
    </ClCompile>
    <ClCompile Include="engine\vulkan\SwapChain.cpp">
      <Filter>Source Files</Filter>
    </ClCompile>
    <ClCompile Include="engine\vulkan\VertexBuffer.cpp">
      <Filter>Source Files</Filter>
    </ClCompile>
    <ClCompile Include="engine\vulkan\UniformBuffer.cpp">
      <Filter>Source Files</Filter>
    </ClCompile>
    <ClCompile Include="engine\vulkan\ValidationLayer.cpp">
      <Filter>Source Files</Filter>
    </ClCompile>
    <ClCompile Include="engine\vulkan\DescriptorPool.cpp">
      <Filter>Source Files</Filter>
    </ClCompile>
    <ClCompile Include="engine\vulkan\DescriptorSet.cpp">
      <Filter>Source Files</Filter>
    </ClCompile>
    <ClCompile Include="engine\vulkan\Framebuffer.cpp">
      <Filter>Source Files</Filter>
    </ClCompile>
    <ClCompile Include="engine\vulkan\PipelineLayout.cpp">
      <Filter>Source Files</Filter>
    </ClCompile>
  </ItemGroup>
  <ItemGroup>
    <ClInclude Include="HelloTriangleApplication.h">
      <Filter>Header Files</Filter>
    </ClInclude>
    <ClInclude Include="engine\Debug.h">
      <Filter>Header Files</Filter>
    </ClInclude>
    <ClInclude Include="engine\Loader.h">
      <Filter>Header Files</Filter>
    </ClInclude>
    <ClInclude Include="engine\Vertex.h">
      <Filter>Header Files</Filter>
    </ClInclude>
    <ClInclude Include="engine\Timer.h">
      <Filter>Header Files</Filter>
    </ClInclude>
    <ClInclude Include="engine\Point.h">
      <Filter>Header Files</Filter>
    </ClInclude>
    <ClInclude Include="engine\InputListener.h">
      <Filter>Header Files</Filter>
    </ClInclude>
    <ClInclude Include="engine\InputSystem.h">
      <Filter>Header Files</Filter>
    </ClInclude>
    <ClInclude Include="engine\vulkan\Image.h">
      <Filter>Header Files</Filter>
    </ClInclude>
    <ClInclude Include="engine\vulkan\Buffer.h">
      <Filter>Header Files</Filter>
    </ClInclude>
    <ClInclude Include="engine\vulkan\CommandBuffer.h">
      <Filter>Header Files</Filter>
    </ClInclude>
    <ClInclude Include="engine\vulkan\CommandPool.h">
      <Filter>Header Files</Filter>
    </ClInclude>
    <ClInclude Include="engine\vulkan\DescriptorSetLayout.h">
      <Filter>Header Files</Filter>
    </ClInclude>
    <ClInclude Include="engine\vulkan\ImageView.h">
      <Filter>Header Files</Filter>
    </ClInclude>
    <ClInclude Include="engine\vulkan\IndexBuffer.h">
      <Filter>Header Files</Filter>
    </ClInclude>
    <ClInclude Include="engine\vulkan\PhysicalDevice.h">
      <Filter>Header Files</Filter>
    </ClInclude>
    <ClInclude Include="engine\vulkan\Sampler.h">
      <Filter>Header Files</Filter>
    </ClInclude>
    <ClInclude Include="engine\vulkan\ShaderModule.h">
      <Filter>Header Files</Filter>
    </ClInclude>
    <ClInclude Include="engine\vulkan\Surface.h">
      <Filter>Header Files</Filter>
    </ClInclude>
    <ClInclude Include="engine\vulkan\Device.h">
      <Filter>Header Files</Filter>
    </ClInclude>
    <ClInclude Include="engine\Print.h">
      <Filter>Header Files</Filter>
    </ClInclude>
    <ClInclude Include="engine\vulkan\SwapChain.h">
      <Filter>Header Files</Filter>
    </ClInclude>
    <ClInclude Include="engine\vulkan\VertexBuffer.h">
      <Filter>Header Files</Filter>
    </ClInclude>
    <ClInclude Include="engine\vulkan\UniformBuffer.h">
      <Filter>Header Files</Filter>
    </ClInclude>
    <ClInclude Include="engine\vulkan\ValidationLayer.h">
      <Filter>Header Files</Filter>
    </ClInclude>
    <ClInclude Include="engine\vulkan\DescriptorPool.h">
      <Filter>Header Files</Filter>
    </ClInclude>
    <ClInclude Include="engine\vulkan\DescriptorSet.h">
      <Filter>Header Files</Filter>
    </ClInclude>
    <ClInclude Include="engine\vulkan\Framebuffer.h">
      <Filter>Header Files</Filter>
    </ClInclude>
    <ClInclude Include="engine\vulkan\PipelineLayout.h">
      <Filter>Header Files</Filter>
    </ClInclude>
  </ItemGroup>
</Project>